{
    "_readme": [
        "This file locks the dependencies of your project to a known state",
        "Read more about it at https://getcomposer.org/doc/01-basic-usage.md#installing-dependencies",
        "This file is @generated automatically"
    ],
    "content-hash": "8c29a580845cfe8ac98268cb12caf54d",
    "packages": [
        {
            "name": "minicli/minicli",
            "version": "4.2.0",
            "source": {
                "type": "git",
                "url": "https://github.com/minicli/minicli.git",
                "reference": "1675c0609205c106bb7c2353888dec361808d92e"
            },
            "dist": {
                "type": "zip",
                "url": "https://api.github.com/repos/minicli/minicli/zipball/1675c0609205c106bb7c2353888dec361808d92e",
                "reference": "1675c0609205c106bb7c2353888dec361808d92e",
                "shasum": ""
            },
            "require": {
                "ext-readline": "*",
                "php": ">=8.1"
            },
            "require-dev": {
                "laravel/pint": "^1.10",
                "mockery/mockery": "^1.5",
                "pestphp/pest": "^2.5",
                "phpstan/phpstan": "^1.10"
            },
            "type": "library",
            "autoload": {
                "files": [
                    "src/helpers.php"
                ],
                "psr-4": {
                    "Minicli\\": "src/"
                }
            },
            "notification-url": "https://packagist.org/downloads/",
            "license": [
                "MIT"
            ],
            "description": "Experimental micro CLI framework for PHP",
            "homepage": "https://github.com/minicli/minicli",
            "keywords": [
                "cli",
                "command-line"
            ],
            "support": {
                "issues": "https://github.com/minicli/minicli/issues",
                "source": "https://github.com/minicli/minicli/tree/4.2.0"
            },
            "funding": [
                {
                    "url": "https://github.com/erikaheidi",
                    "type": "github"
                }
            ],
            "time": "2023-06-27T08:16:45+00:00"
        }
    ],
    "packages-dev": [],
    "aliases": [],
    "minimum-stability": "stable",
    "stability-flags": [],
    "prefer-stable": false,
    "prefer-lowest": false,
    "platform": [],
    "platform-dev": [],
    "plugin-api-version": "2.6.0"
}
